{
    "_meta": {
        "hash": {
            "sha256": "104c0e3c86c1a08b98f895ae87b85e834a5e7c65117693b0462e0c97108ee456"
        },
        "pipfile-spec": 6,
        "requires": {
            "python_version": "3.7"
        },
        "sources": [
            {
                "name": "pypi",
                "url": "https://pypi.org/simple",
                "verify_ssl": true
            }
        ]
    },
    "default": {
        "aniso8601": {
            "hashes": [
                "sha256:1d2b7ef82963909e93c4f24ce48d4de9e66009a21bf1c1e1c85bdd0812fe412f",
                "sha256:72e3117667eedf66951bb2d93f4296a56b94b078a8a95905a052611fb3f1b973"
            ],
            "version": "==9.0.1"
        },
        "bcrypt": {
            "hashes": [
                "sha256:089098effa1bc35dc055366740a067a2fc76987e8ec75349eb9484061c54f535",
                "sha256:08d2947c490093a11416df18043c27abe3921558d2c03e2076ccb28a116cb6d0",
                "sha256:0eaa47d4661c326bfc9d08d16debbc4edf78778e6aaba29c1bc7ce67214d4410",
                "sha256:27d375903ac8261cfe4047f6709d16f7d18d39b1ec92aaf72af989552a650ebd",
                "sha256:2b3ac11cf45161628f1f3733263e63194f22664bf4d0c0f3ab34099c02134665",
                "sha256:2caffdae059e06ac23fce178d31b4a702f2a3264c20bfb5ff541b338194d8fab",
                "sha256:3100851841186c25f127731b9fa11909ab7b1df6fc4b9f8353f4f1fd952fbf71",
                "sha256:5ad4d32a28b80c5fa6671ccfb43676e8c1cc232887759d1cd7b6f56ea4355215",
                "sha256:67a97e1c405b24f19d08890e7ae0c4f7ce1e56a712a016746c8b2d7732d65d4b",
                "sha256:705b2cea8a9ed3d55b4491887ceadb0106acf7c6387699fca771af56b1cdeeda",
                "sha256:8a68f4341daf7522fe8d73874de8906f3a339048ba406be6ddc1b3ccb16fc0d9",
                "sha256:a522427293d77e1c29e303fc282e2d71864579527a04ddcfda6d4f8396c6c36a",
                "sha256:ae88eca3024bb34bb3430f964beab71226e761f51b912de5133470b649d82344",
                "sha256:b1023030aec778185a6c16cf70f359cbb6e0c289fd564a7cfa29e727a1c38f8f",
                "sha256:b3b85202d95dd568efcb35b53936c5e3b3600c7cdcc6115ba461df3a8e89f38d",
                "sha256:b57adba8a1444faf784394de3436233728a1ecaeb6e07e8c22c8848f179b893c",
                "sha256:bf4fa8b2ca74381bb5442c089350f09a3f17797829d958fad058d6e44d9eb83c",
                "sha256:ca3204d00d3cb2dfed07f2d74a25f12fc12f73e606fcaa6975d1f7ae69cacbb2",
                "sha256:cbb03eec97496166b704ed663a53680ab57c5084b2fc98ef23291987b525cb7d",
                "sha256:e9a51bbfe7e9802b5f3508687758b564069ba937748ad7b9e890086290d2f79e",
                "sha256:fbdaec13c5105f0c4e5c52614d04f0bca5f5af007910daa8b6b12095edaa67b3"
            ],
            "markers": "python_version >= '3.6'",
            "version": "==4.0.1"
        },
        "click": {
            "hashes": [
                "sha256:7682dc8afb30297001674575ea00d1814d808d6a36af415a82bd481d37ba7b8e",
                "sha256:bb4d8133cb15a609f44e8213d9b391b0809795062913b383c62be0ee95b1db48"
            ],
            "markers": "python_version >= '3.7'",
            "version": "==8.1.3"
        },
        "dnspython": {
            "hashes": [
                "sha256:224e32b03eb46be70e12ef6d64e0be123a64e621ab4c0822ff6d450d52a540b9",
                "sha256:89141536394f909066cabd112e3e1a37e4e654db00a25308b0f130bc3152eb46"
            ],
            "markers": "python_version >= '3.7' and python_version < '4.0'",
            "version": "==2.3.0"
        },
        "flask": {
            "hashes": [
                "sha256:58107ed83443e86067e41eff4631b058178191a355886f8e479e347fa1285fdf",
                "sha256:edee9b0a7ff26621bd5a8c10ff484ae28737a2410d99b0bb9a6850c7fb977aa0"
            ],
            "index": "pypi",
            "version": "==2.2.5"
        },
        "flask-bcrypt": {
            "hashes": [
                "sha256:d71c8585b2ee1c62024392ebdbc447438564e2c8c02b4e57b56a4cafd8d13c5f"
            ],
            "index": "pypi",
            "version": "==0.7.1"
        },
        "flask-jwt-extended": {
            "hashes": [
                "sha256:0aa8ee6fa7eb3be9314e39dd199ac8e19389a95371f9d54e155c7aa635e319dd"
            ],
            "index": "pypi",
            "version": "==3.24.1"
        },
        "flask-mongoengine": {
            "hashes": [
                "sha256:0f426aeafc4be2c37e9b4c0f8b5d02d012b7afc4b3b97a4119024684fe148fc1",
                "sha256:b6376b33cd1e624c09983a0884dc87303e54084f0e6b7f8df6794d56d35fa66f"
            ],
            "index": "pypi",
            "version": "==0.9.5"
        },
        "flask-pymongo": {
            "hashes": [
                "sha256:620eb02dc8808a5fcb90f26cab6cba9d6bf497b15032ae3ca99df80366e33314",
                "sha256:8a9577a2c6d00b49f21cb5a5a8d72561730364a2d745551a85349ab02f86fc73"
            ],
            "index": "pypi",
            "version": "==2.3.0"
        },
        "flask-restful": {
            "hashes": [
                "sha256:5ea9a5991abf2cb69b4aac19793faac6c032300505b325687d7c305ffaa76915",
                "sha256:d891118b951921f1cec80cabb4db98ea6058a35e6404788f9e70d5b243813ec2"
            ],
            "index": "pypi",
            "version": "==0.3.8"
        },
        "flask-wtf": {
            "hashes": [
                "sha256:41c4244e9ae626d63bed42ae4785b90667b885b1535d5a4095e1f63060d12aa9",
                "sha256:7887d6f1ebb3e17bf648647422f0944c9a469d0fcf63e3b66fb9a83037e38b2c"
            ],
            "markers": "python_version >= '3.7'",
            "version": "==1.1.1"
        },
        "importlib-metadata": {
            "hashes": [
                "sha256:43dd286a2cd8995d5eaef7fee2066340423b818ed3fd70adf0bad5f1fac53fed",
                "sha256:92501cdf9cc66ebd3e612f1b4f0c0765dfa42f0fa38ffb319b6bd84dd675d705"
            ],
            "markers": "python_version < '3.10'",
            "version": "==6.6.0"
        },
        "itsdangerous": {
            "hashes": [
                "sha256:2c2349112351b88699d8d4b6b075022c0808887cb7ad10069318a8b0bc88db44",
                "sha256:5dbbc68b317e5e42f327f9021763545dc3fc3bfe22e6deb96aaf1fc38874156a"
            ],
            "markers": "python_version >= '3.7'",
            "version": "==2.1.2"
        },
        "jinja2": {
            "hashes": [
                "sha256:31351a702a408a9e7595a8fc6150fc3f43bb6bf7e319770cbc0db9df9437e852",
                "sha256:6088930bfe239f0e6710546ab9c19c9ef35e29792895fed6e6e31a023a182a61"
            ],
            "markers": "python_version >= '3.7'",
            "version": "==3.1.2"
        },
        "markupsafe": {
            "hashes": [
                "sha256:0576fe974b40a400449768941d5d0858cc624e3249dfd1e0c33674e5c7ca7aed",
                "sha256:085fd3201e7b12809f9e6e9bc1e5c96a368c8523fad5afb02afe3c051ae4afcc",
                "sha256:090376d812fb6ac5f171e5938e82e7f2d7adc2b629101cec0db8b267815c85e2",
                "sha256:0b462104ba25f1ac006fdab8b6a01ebbfbce9ed37fd37fd4acd70c67c973e460",
                "sha256:137678c63c977754abe9086a3ec011e8fd985ab90631145dfb9294ad09c102a7",
                "sha256:1bea30e9bf331f3fef67e0a3877b2288593c98a21ccb2cf29b74c581a4eb3af0",
                "sha256:22152d00bf4a9c7c83960521fc558f55a1adbc0631fbb00a9471e097b19d72e1",
                "sha256:22731d79ed2eb25059ae3df1dfc9cb1546691cc41f4e3130fe6bfbc3ecbbecfa",
                "sha256:2298c859cfc5463f1b64bd55cb3e602528db6fa0f3cfd568d3605c50678f8f03",
                "sha256:28057e985dace2f478e042eaa15606c7efccb700797660629da387eb289b9323",
                "sha256:2e7821bffe00aa6bd07a23913b7f4e01328c3d5cc0b40b36c0bd81d362faeb65",
                "sha256:2ec4f2d48ae59bbb9d1f9d7efb9236ab81429a764dedca114f5fdabbc3788013",
                "sha256:340bea174e9761308703ae988e982005aedf427de816d1afe98147668cc03036",
                "sha256:40627dcf047dadb22cd25ea7ecfe9cbf3bbbad0482ee5920b582f3809c97654f",
                "sha256:40dfd3fefbef579ee058f139733ac336312663c6706d1163b82b3003fb1925c4",
                "sha256:4cf06cdc1dda95223e9d2d3c58d3b178aa5dacb35ee7e3bbac10e4e1faacb419",
                "sha256:50c42830a633fa0cf9e7d27664637532791bfc31c731a87b202d2d8ac40c3ea2",
                "sha256:55f44b440d491028addb3b88f72207d71eeebfb7b5dbf0643f7c023ae1fba619",
                "sha256:608e7073dfa9e38a85d38474c082d4281f4ce276ac0010224eaba11e929dd53a",
                "sha256:63ba06c9941e46fa389d389644e2d8225e0e3e5ebcc4ff1ea8506dce646f8c8a",
                "sha256:65608c35bfb8a76763f37036547f7adfd09270fbdbf96608be2bead319728fcd",
                "sha256:665a36ae6f8f20a4676b53224e33d456a6f5a72657d9c83c2aa00765072f31f7",
                "sha256:6d6607f98fcf17e534162f0709aaad3ab7a96032723d8ac8750ffe17ae5a0666",
                "sha256:7313ce6a199651c4ed9d7e4cfb4aa56fe923b1adf9af3b420ee14e6d9a73df65",
                "sha256:7668b52e102d0ed87cb082380a7e2e1e78737ddecdde129acadb0eccc5423859",
                "sha256:7df70907e00c970c60b9ef2938d894a9381f38e6b9db73c5be35e59d92e06625",
                "sha256:7e007132af78ea9df29495dbf7b5824cb71648d7133cf7848a2a5dd00d36f9ff",
                "sha256:835fb5e38fd89328e9c81067fd642b3593c33e1e17e2fdbf77f5676abb14a156",
                "sha256:8bca7e26c1dd751236cfb0c6c72d4ad61d986e9a41bbf76cb445f69488b2a2bd",
                "sha256:8db032bf0ce9022a8e41a22598eefc802314e81b879ae093f36ce9ddf39ab1ba",
                "sha256:99625a92da8229df6d44335e6fcc558a5037dd0a760e11d84be2260e6f37002f",
                "sha256:9cad97ab29dfc3f0249b483412c85c8ef4766d96cdf9dcf5a1e3caa3f3661cf1",
                "sha256:a4abaec6ca3ad8660690236d11bfe28dfd707778e2442b45addd2f086d6ef094",
                "sha256:a6e40afa7f45939ca356f348c8e23048e02cb109ced1eb8420961b2f40fb373a",
                "sha256:a6f2fcca746e8d5910e18782f976489939d54a91f9411c32051b4aab2bd7c513",
                "sha256:a806db027852538d2ad7555b203300173dd1b77ba116de92da9afbc3a3be3eed",
                "sha256:abcabc8c2b26036d62d4c746381a6f7cf60aafcc653198ad678306986b09450d",
                "sha256:b8526c6d437855442cdd3d87eede9c425c4445ea011ca38d937db299382e6fa3",
                "sha256:bb06feb762bade6bf3c8b844462274db0c76acc95c52abe8dbed28ae3d44a147",
                "sha256:c0a33bc9f02c2b17c3ea382f91b4db0e6cde90b63b296422a939886a7a80de1c",
                "sha256:c4a549890a45f57f1ebf99c067a4ad0cb423a05544accaf2b065246827ed9603",
                "sha256:ca244fa73f50a800cf8c3ebf7fd93149ec37f5cb9596aa8873ae2c1d23498601",
                "sha256:cf877ab4ed6e302ec1d04952ca358b381a882fbd9d1b07cccbfd61783561f98a",
                "sha256:d9d971ec1e79906046aa3ca266de79eac42f1dbf3612a05dc9368125952bd1a1",
                "sha256:da25303d91526aac3672ee6d49a2f3db2d9502a4a60b55519feb1a4c7714e07d",
                "sha256:e55e40ff0cc8cc5c07996915ad367fa47da6b3fc091fdadca7f5403239c5fec3",
                "sha256:f03a532d7dee1bed20bc4884194a16160a2de9ffc6354b3878ec9682bb623c54",
                "sha256:f1cd098434e83e656abf198f103a8207a8187c0fc110306691a2e94a78d0abb2",
                "sha256:f2bfb563d0211ce16b63c7cb9395d2c682a23187f54c3d79bfec33e6705473c6",
                "sha256:f8ffb705ffcf5ddd0e80b65ddf7bed7ee4f5a441ea7d3419e861a12eaf41af58"
            ],
            "markers": "python_version >= '3.7'",
            "version": "==2.1.2"
        },
        "mongoengine": {
            "hashes": [
                "sha256:8f38df7834dc4b192d89f2668dcf3091748d12f74d55648ce77b919167a4a49b",
                "sha256:c3523b8f886052f3deb200b3218bcc13e4b781661e3bea38587cc936c80ea358"
            ],
            "markers": "python_version >= '3.7'",
            "version": "==0.27.0"
        },
        "pyjwt": {
            "hashes": [
                "sha256:69285c7e31fc44f68a1feb309e948e0df53259d579295e6cfe2b1792329f05fd",
                "sha256:d83c3d892a77bbb74d3e1a2cfa90afaadb60945205d1095d9221f04466f64c14"
            ],
            "markers": "python_version >= '3.7'",
            "version": "==2.6.0"
        },
        "pymongo": {
            "hashes": [
                "sha256:030c5bf8f785bd74b12f68b5a628c3b989c15ebae02a77d54f6274b04270120f",
                "sha256:0464971123280fd4e6af498908e73551e5af6561560f5de9aa40efec79bbf05e",
                "sha256:062a4da93e12ef834f1f02c6820eb583a2bf92ad18c66dce04e7205a177d358d",
                "sha256:0f6325627c2e34a81abe31dac0bacf445b5e5da5692844e6114655f33887f311",
                "sha256:1346b8094724dfe1cc51edf72a9ea2e7a8dcd0a567e8d8093033aacacaa42332",
                "sha256:13a52b1e206b5d0a81e17118fe0e1edca27e7a057eb2677decf00f71a9f841a5",
                "sha256:15877a35cb4d848a8c91d9d28d9eee6633118da2f949b263085e7971241826a3",
                "sha256:208611e6389201003504a79202e782bad2834019d28d03263465b607172583cd",
                "sha256:2989438a0b2820bfb7a1c995988da68998ad538ca4514a0764f83e399a72fe7b",
                "sha256:2aefa1be66af6295aa0e91d9654007950c24f68e727c41300ba2cabff442a9ec",
                "sha256:30fdea481ba080bb05d9e0962861ceddeb473e444a6c6778756b169e88d5adcf",
                "sha256:320c5151d5747419d01b49ccc4069962c328cbdb880fd85d60c65d69ee881157",
                "sha256:32fce0afc49a5aaf09bfa428ebf8463c6e01a602a0bc2f93efa628219d7ef5ab",
                "sha256:37a03f39516bd5f1386ab62bad2ad1f8e9c3806fefb97f5690351458aaf75a82",
                "sha256:3ad65883a48c5231237b999e717da76b16d633222436084fedf88011c9762905",
                "sha256:3add7993249fa6c55f42cc48638ced5ead74dd68c6a0bedde39749b322cf4d05",
                "sha256:3c59e815ee7439f25bda23e9933abd9f464aefcfbf85eb4b021e7344f1297c02",
                "sha256:3db8a264c7f1712d7ad3ce2c1084bd01e46ff231c8ece131227042402b4e2e0a",
                "sha256:3e1fa5fb0b5137dca5a52b525fbc6e2aa40e471138d341059e9f15c2abcf225c",
                "sha256:4070c44f0ec95a06e90b159f39acce0060d26bb90cd337cf9dd2f77f5bf6485b",
                "sha256:43a010b68d08f38bddf92f1193a9d72154eec0276fde0e12b6ed3464473dd4f7",
                "sha256:4e4650a359ab5f1bb95618f788c42c64e2495aba3d6ff93b0959f8ae46710855",
                "sha256:586fb0b22e5e4f0ffe6085ccc25142286bb522a83a717277d923ff3247283fb9",
                "sha256:58b2dbbb4d56b76061f305ceded81a70d98b1549171a28ecfeb9e365ba21c0ce",
                "sha256:59cec5922a1aeee5a9b4aa6c8bfa1a6417f16e773bbf83cf9ce994980b84a2a5",
                "sha256:6225c2a44ed890598a4e430994a9eca869f54a4267d7908614694128800a93d1",
                "sha256:6d178b47be5562c9b66862c9f599f09c26f917f94b27d880e3e399b0aa5de449",
                "sha256:70d269d309a9996aab2f06132fca58274e7705691a9ce5d3ea6d59a8ccd2fe10",
                "sha256:7502baebc289b4105887fbc13354431765350349dc7b3941dcfaff68751bb249",
                "sha256:75c8082a7b0fae44f9e9e06ba1bf464e78616617c0e4df81b1367bf93c74efbe",
                "sha256:7c7a6bf5fe7dcef7f50d279f71e03a059a1c9bc4476cb53f628760362cc1f6f3",
                "sha256:7e8912fada0beca4fdad611270248b5cc8ff466eb1deb933a4ac0367462c05f0",
                "sha256:803bb3715898e03479c7eb098a39059c403ad0c3881b2ab5979f015438fcb775",
                "sha256:82ffac1308c9b470294feff550025af8a36a28002934334b7058e6caa28c6d36",
                "sha256:854ffeb867c1f2565dfe494541857ab60f53887f12f811324be4dc4e19b8aa0e",
                "sha256:86826f2df5a5102bd33fe2627bbc64b09f21ec4c69fd42e5a35f4c37f66d629f",
                "sha256:889e93c0a73a54806f10193cade0ccc7d7dc78b794df1f56600fe4e23150eefd",
                "sha256:88ec3fe14c6ff36b5f0f839773cfcda4ed057ae93cf64ff9db3381b8143ed11d",
                "sha256:90774f827a188e038665c72ca2b041254b456050513636edcbb9c5324b8a19f6",
                "sha256:9dd4b66df41dce0ee43c0c8ede40665f2d099ebc3f614dc8cb7fb53051889b72",
                "sha256:a0aebd920c82f14fe2116c81a0766489c5a7853976650be76c7c4074f9c2ab9e",
                "sha256:a2f3bb0a832c82e0984c25ecd14449fdf1d8cba40c57541685862857272e9f9f",
                "sha256:a8675a184d4a490eb011f4410612dd499eefd440fd2a8211462ae537807f5593",
                "sha256:a94c27b251d24356177217cfbf285d0eb389305c67c9e04fc48b1e22fb9c2210",
                "sha256:ab4cb1b975825793628e5d20906bdb2073e25454f3e5b51f13bc5679b7fd8e55",
                "sha256:ad132956d7bb3ac472ac5fe1ca98a544750f75a6aed830f85c450c66008f38a6",
                "sha256:af5fbcb547abcfd099bae96c8574e64e220101929bb27b35723cc9ead44580d9",
                "sha256:afc8c4f1c93163eb721245ac4076ba24c714e972300b28893598758f5312d29a",
                "sha256:b018854676f1c7429a26c538268933e31b9a27839a2639e92982ff880723f7e2",
                "sha256:ba3f0fbe1ab690e4d6c2d7398bffda9c4bad915c8e5fb40b758770e88cd7a71a",
                "sha256:ba427d31cc1d5c106ac2ad75a901630d5b31410bc3574e1f95b15d2422d77174",
                "sha256:bb26c82c8069020d81d4eb59db642b87251c32d58a1ba76774a255578765fcf6",
                "sha256:c5cf40cbc924bc6c92cf2ce0b2fe6919475c5789636a4b8d93af548695f78d45",
                "sha256:c80026705c83dd6932fffc141c0b552ae705b9b293e7d5d85ca160d260cb49e5",
                "sha256:c8e50f532186344e66762fccc4335779ace9bb182c6288cf5abd8195e1c1022f",
                "sha256:cbdd70438f60050e6a437d18316db1d4de2ce0b3e09f4b43bc1bcd9fed468a73",
                "sha256:cc50a2e35a251edca354e0652109162648fc9576ececa3f69045f98bd3e14e90",
                "sha256:cd99baf051a923d1d969ba9bb4f82936c002a00c3c2b385f1bb99f6d01f9d120",
                "sha256:cf4f79c4dbf1f7a929629cb7f38dc8ad957413488212c276a470804e8cebdcf0",
                "sha256:d3aebf5291ea541d1c4eebe36135f9928f97506f3ec6d9f3396f84acf439432b",
                "sha256:d5e7fb0ff2722de616a14a1f7c5847c464fcffe71173711720491c505430ab4e",
                "sha256:d623016d7e71f81578d7220462d096f426b23baf0c42eec11e41b3ab93ec4966",
                "sha256:d7629a83be9591fcbaf2388f263bef8ce6f3d9d3e0bf0f0bb2a4ff2da76a9945",
                "sha256:d93463f4a2d00625b4d61d2c71140fbae8047b9d4cafdf6806babcb1f39c9048",
                "sha256:e0667241a6ad9599538b835981c39f53c8732e04259272d7f0e6cb56a27d849a",
                "sha256:e4363e8822b0894aa3696b2864ddd8f93e12fb0937faf31458cf0900ac191464",
                "sha256:e5ae8d95e806c4c8b9a8cfc452052512e6f06ccab9e6ee0602f2457a2f207d45",
                "sha256:eb3f97baa74da3d5d67a38207fa1b267998bb8eff6c4466d45dafde8c23c8f2e",
                "sha256:ee5abd401025d94302468d1c5224347a302ce97acd97e85b73f27ee0e3b349db",
                "sha256:f020064fe1e6b0bb79578ea81620e5ece01095d661c498a5857099313322cd3e",
                "sha256:f0249f6d29ce4b3b33801b489fee3ef5e48f1a1adcb1598992042a497fe55f56",
                "sha256:f32d7aae856e0d39a640490ebd5cdf41c10e29382d24fde53800ec64799226f0",
                "sha256:f96bd4772a8a0e6d3b9735ab69cc32cfdd5df3f13670a8775db54ddcd7fe9d6d",
                "sha256:fa12d2fd2841d6ef7ef4baad609eaddeee30ff6a273a63a1500dac8fc8abc680"
            ],
            "markers": "python_version >= '3.7'",
            "version": "==4.4.0b0"
        },
        "python-dotenv": {
            "hashes": [
                "sha256:81822227f771e0cab235a2939f0f265954ac4763cafd806d845801c863bf372f",
                "sha256:92b3123fb2d58a284f76cc92bfe4ee6c502c32ded73e8b051c4f6afc8b6751ed"
            ],
            "index": "pypi",
            "version": "==0.12.0"
        },
        "pytz": {
            "hashes": [
                "sha256:1d8ce29db189191fb55338ee6d0387d82ab59f3d00eac103412d64e0ebd0c588",
                "sha256:a151b3abb88eda1d4e34a9814df37de2a80e301e68ba0fd856fb9b46bfbbbffb"
            ],
            "version": "==2023.3"
        },
        "six": {
            "hashes": [
                "sha256:1e61c37477a1626458e36f7b1d82aa5c9b094fa4802892072e49de9c60c4c926",
                "sha256:8abb2f1d86890a2dfb989f9a77cfcfd3e47c2a354b01111771326f8aa26e0254"
            ],
            "markers": "python_version >= '2.7' and python_version not in '3.0, 3.1, 3.2, 3.3'",
            "version": "==1.16.0"
        },
        "typing-extensions": {
            "hashes": [
                "sha256:5cb5f4a79139d699607b3ef622a1dedafa84e115ab0024e0d9c044a9479ca7cb",
                "sha256:fb33085c39dd998ac16d1431ebc293a8b3eedd00fd4a32de0ff79002c19511b4"
            ],
            "markers": "python_version < '3.8'",
            "version": "==4.5.0"
        },
        "werkzeug": {
            "hashes": [
                "sha256:2e1ccc9417d4da358b9de6f174e3ac094391ea1d4fbef2d667865d819dfd0afe",
                "sha256:56433961bc1f12533306c624f3be5e744389ac61d722175d543e1751285da612"
            ],
            "markers": "python_version >= '3.7'",
            "version": "==2.2.3"
        },
        "wtforms": {
            "hashes": [
                "sha256:6b351bbb12dd58af57ffef05bc78425d08d1914e0fd68ee14143b7ade023c5bc",
                "sha256:837f2f0e0ca79481b92884962b914eba4e72b7a2daaf1f939c890ed0124b834b"
            ],
            "markers": "python_version >= '3.7'",
            "version": "==3.0.1"
        },
        "zipp": {
            "hashes": [
                "sha256:112929ad649da941c23de50f356a2b5570c954b65150642bccdd66bf194d224b",
                "sha256:48904fc76a60e542af151aded95726c1a5c34ed43ab4134b597665c86d7ad556"
            ],
            "markers": "python_version >= '3.7'",
            "version": "==3.15.0"
        }
    },
    "develop": {
        "appdirs": {
            "hashes": [
                "sha256:7d5d0167b2b1ba821647616af46a749d1c653740dd0d2415100fe26e27afdf41",
                "sha256:a841dacd6b99318a741b166adb07e19ee71a274450e68237b4650ca1055ab128"
            ],
            "version": "==1.4.4"
        },
        "astroid": {
            "hashes": [
                "sha256:71ea07f44df9568a75d0f354c49143a4575d90645e9fead6dfb52c26a85ed13a",
                "sha256:840947ebfa8b58f318d42301cf8c0a20fd794a33b61cc4638e28e9e61ba32f42"
            ],
            "markers": "python_version >= '3.5'",
            "version": "==2.3.3"
        },
        "attrs": {
            "hashes": [
                "sha256:1f28b4522cdc2fb4256ac1a020c78acf9cba2c6b461ccd2c126f3aa8e8335d04",
                "sha256:6279836d581513a26f1bf235f9acd333bc9115683f14f7e8fae46c98fc50e015"
            ],
            "markers": "python_version >= '3.7'",
            "version": "==23.1.0"
        },
        "black": {
            "hashes": [
                "sha256:1b30e59be925fafc1ee4565e5e08abef6b03fe455102883820fe5ee2e4734e0b",
                "sha256:c2edb73a08e9e0e6f65a0e6af18b059b8b1cdd5bef997d7a0b181df93dc81539"
            ],
            "index": "pypi",
            "version": "==19.10b0"
        },
        "click": {
            "hashes": [
                "sha256:7682dc8afb30297001674575ea00d1814d808d6a36af415a82bd481d37ba7b8e",
                "sha256:bb4d8133cb15a609f44e8213d9b391b0809795062913b383c62be0ee95b1db48"
            ],
            "markers": "python_version >= '3.7'",
            "version": "==8.1.3"
        },
        "importlib-metadata": {
            "hashes": [
                "sha256:43dd286a2cd8995d5eaef7fee2066340423b818ed3fd70adf0bad5f1fac53fed",
                "sha256:92501cdf9cc66ebd3e612f1b4f0c0765dfa42f0fa38ffb319b6bd84dd675d705"
            ],
            "markers": "python_version < '3.10'",
            "version": "==6.6.0"
        },
        "isort": {
            "hashes": [
                "sha256:54da7e92468955c4fceacd0c86bd0ec997b0e1ee80d97f67c35a78b719dccab1",
                "sha256:6e811fcb295968434526407adb8796944f1988c5b65e8139058f2014cbe100fd"
            ],
            "markers": "python_version >= '2.7' and python_version not in '3.0, 3.1, 3.2, 3.3'",
            "version": "==4.3.21"
        },
        "lazy-object-proxy": {
            "hashes": [
                "sha256:0c4b206227a8097f05c4dbdd323c50edf81f15db3b8dc064d08c62d37e1a504d",
                "sha256:194d092e6f246b906e8f70884e620e459fc54db3259e60cf69a4d66c3fda3449",
                "sha256:1be7e4c9f96948003609aa6c974ae59830a6baecc5376c25c92d7d697e684c08",
                "sha256:4677f594e474c91da97f489fea5b7daa17b5517190899cf213697e48d3902f5a",
                "sha256:48dab84ebd4831077b150572aec802f303117c8cc5c871e182447281ebf3ac50",
                "sha256:5541cada25cd173702dbd99f8e22434105456314462326f06dba3e180f203dfd",
                "sha256:59f79fef100b09564bc2df42ea2d8d21a64fdcda64979c0fa3db7bdaabaf6239",
                "sha256:8d859b89baf8ef7f8bc6b00aa20316483d67f0b1cbf422f5b4dc56701c8f2ffb",
                "sha256:9254f4358b9b541e3441b007a0ea0764b9d056afdeafc1a5569eee1cc6c1b9ea",
                "sha256:9651375199045a358eb6741df3e02a651e0330be090b3bc79f6d0de31a80ec3e",
                "sha256:97bb5884f6f1cdce0099f86b907aa41c970c3c672ac8b9c8352789e103cf3156",
                "sha256:9b15f3f4c0f35727d3a0fba4b770b3c4ebbb1fa907dbcc046a1d2799f3edd142",
                "sha256:a2238e9d1bb71a56cd710611a1614d1194dc10a175c1e08d75e1a7bcc250d442",
                "sha256:a6ae12d08c0bf9909ce12385803a543bfe99b95fe01e752536a60af2b7797c62",
                "sha256:ca0a928a3ddbc5725be2dd1cf895ec0a254798915fb3a36af0964a0a4149e3db",
                "sha256:cb2c7c57005a6804ab66f106ceb8482da55f5314b7fcb06551db1edae4ad1531",
                "sha256:d74bb8693bf9cf75ac3b47a54d716bbb1a92648d5f781fc799347cfc95952383",
                "sha256:d945239a5639b3ff35b70a88c5f2f491913eb94871780ebfabb2568bd58afc5a",
                "sha256:eba7011090323c1dadf18b3b689845fd96a61ba0a1dfbd7f24b921398affc357",
                "sha256:efa1909120ce98bbb3777e8b6f92237f5d5c8ea6758efea36a473e1d38f7d3e4",
                "sha256:f3900e8a5de27447acbf900b4750b0ddfd7ec1ea7fbaf11dfa911141bc522af0"
            ],
            "markers": "python_version >= '2.7' and python_version not in '3.0, 3.1, 3.2, 3.3'",
            "version": "==1.4.3"
        },
        "mccabe": {
            "hashes": [
                "sha256:ab8a6258860da4b6677da4bd2fe5dc2c659cff31b3ee4f7f5d64e79735b80d42",
                "sha256:dd8d182285a0fe56bace7f45b5e7d1a6ebcbf524e8f3bd87eb0f125271b8831f"
            ],
            "version": "==0.6.1"
        },
        "pathspec": {
            "hashes": [
                "sha256:2798de800fa92780e33acca925945e9a19a133b715067cf165b8866c15a31687",
                "sha256:d8af70af76652554bd134c22b3e8a1cc46ed7d91edcdd721ef1a0c51a84a5293"
            ],
            "markers": "python_version >= '3.7'",
            "version": "==0.11.1"
        },
        "pylint": {
            "hashes": [
                "sha256:3db5468ad013380e987410a8d6956226963aed94ecb5f9d3a28acca6d9ac36cd",
                "sha256:886e6afc935ea2590b462664b161ca9a5e40168ea99e5300935f6591ad467df4"
            ],
            "index": "pypi",
            "version": "==2.4.4"
        },
        "regex": {
            "hashes": [
                "sha256:00f6f26e748c797a041ab6957f4cacc66a7fbd5dc5f627760985f5c5b7de2af6",
                "sha256:0130a2fdd6f033c3e3710d0b950cc6abd3133c5af88c40c78e77641cb6f6cf8a",
                "sha256:027d4962340dbd84979fd1c40bfd7ca8362030abfbbff25f1327bbf4867f047c",
                "sha256:037f4be6a240a11a6d3397e932ef5d3ec5855858910792a0ab7d351bd0333533",
                "sha256:04a825fd9f5931263eccd0cbdbf171a9792fa1bf2642ca62800b57689ca1b660",
                "sha256:06fe9870165d4975a8a3e27a83919b9014b35dd2ee7061a5f2be8e579294cedc",
                "sha256:0a664857dd9b1076942c4d73c54a031066ee0ae88a438e7a1e0e79c1c5ddf47a",
                "sha256:0c731522eaf74166066fcf91fe7fe3c3617cc5e8df0c150132282d0dd5225afc",
                "sha256:0d5a0edefdf800aeef6cf559af75e614fb2eb2d0388f0b132af805fdefcf8ec6",
                "sha256:0eee66c4ce6ced2e9d5d4497a569bab6257a6d118eb43dd57cceb61ba00b62d8",
                "sha256:12be293d718e05f7304f715980b1a25b16e34a1ff2121740592559d066f91e67",
                "sha256:1ad00c9aae6090d052c0ee16a2737a7154031793e6c7b58a629eed8d8aa77e31",
                "sha256:1d98e4748a60c9902ad504e862756c43cc707404fc3025f82ef5bbe50bee3b9e",
                "sha256:1dc5e9a847613679ac8bd0386a0e54f2958441a0fcc123778637e433041aa763",
                "sha256:1ef51012493837263236781ac9598f059dc4e5a4d72627bd3ac85cbd5d1b0ee1",
                "sha256:2095acff95df0bf6ec3dee672a03d3d78606b4ca419d53fbd606c559cebedf45",
                "sha256:21b653c1538cbbc1c58f6d6f3ccb4a5ce56491f0ab370ec057c1c64a152eb48c",
                "sha256:24db1c0fc20850db47977824a99fdae81d6764adaf8192dd874185d9e7166dbb",
                "sha256:2762750332f57820c0f38ade87ce4ebe671b178892faed0112f574f0b42801cf",
                "sha256:336fb3f585e239362d4f26dd6f904b15d91febfc980f47ed706858f5cee20ce6",
                "sha256:3633a07ffeabc14f3cd531f11794bb603267d86e4109cb811a34aee020622d3f",
                "sha256:376fa2ef6a02a004b6fe4ebaa5ba370e7532ec6915efd12e33aa434517f8bbee",
                "sha256:3965a9ab13f1bf3e4af021c7dbe9678dd9f8dc5cc9097b3d3cbbf3ad00574b5d",
                "sha256:3d8cc797f87c07372e7d300198e1423c2b7bd35b68f375cc6700e26158940c9a",
                "sha256:460672c6ec94997755bd37b00302853b9d85a5a433121c198359958e8c10ced5",
                "sha256:49a77f0b62a4122cf578d1194658973c435e6d2a9611013be11b6750056a5930",
                "sha256:4c2ae89c92a04b057b412f88a3359e77600ce966a740e2da212667ce795e1bdc",
                "sha256:50e00ab84396bfbeb1bede61eff6641f957b6532e74e02be480d71914e20e2ac",
                "sha256:5a7ab3440f0c653dee8b42af858da6e07615c64ba86a6b3509a0ecf44eabdb11",
                "sha256:5a98814d42282153c30d674ee34ea114a03ea8d32fd5d9b924d46fbeb2c7eb15",
                "sha256:5cc67b3562aada6682ae45f2ea40819baa6bffe38155883100f8779c22c8c087",
                "sha256:5d321dd059fd00482537aaba919e29189ea4ab6a03528881267982bb7707f610",
                "sha256:5f82d4e0725788787216c9ae53116e6e477b2d97f29ec1e5086f5afbab5716b0",
                "sha256:5fda1fc36dd923aee070d7aab3a85b448c8b62930900c615bb67db829281103b",
                "sha256:63a92f28a3f285dae06aae83227cb66cc87256db040aaf26c1c48ae5221eccde",
                "sha256:6469c2baf450fd1e648752b113a1fc1d67dfbad359f6171be954bacf7b09d126",
                "sha256:6686256d1d435ed782ff12ef11e074705911a40d3907b986e53ca9a996e88489",
                "sha256:6ccd0d7557c4e76303a6429ec9de55cd87334809cda66c0f101831e2ce9073c1",
                "sha256:6f02105d4a511f550dcd63f750937d1607a1f6dc253c798c4adf36aba89215a3",
                "sha256:70bd0c121b3c4e641e5c4e633c4581059acad774a1a62bcb15fea3470c2a61cc",
                "sha256:770f825c7751ce43aae2088fee94f2e60f95e181223642a0bb35cbaeea92001c",
                "sha256:77b3333a6cd1161b81bcf018a9bdb3cc567074a913aa69b98b9c8c79be28565c",
                "sha256:797bab57e1317c940030f3c15d48c01e1f16d12ba0f6a807ee0bebdc1cfe3f2d",
                "sha256:8418b0ee315555ca9786daab00ec8aaf47dfb2698a5be689676e83e88b949f22",
                "sha256:861ed1249302664f96b2e968216486a02af0a143e0f3cc6fd92b78f11aa18579",
                "sha256:89f54d4bbd452a5ee01dc31ec918f7b1f32483f13d3598af1acf5ea82ad82ad3",
                "sha256:8c704e7062c59d2f7e2eebda2c0c0b69bd807ca6579c3a21fc4b1d8505cfc090",
                "sha256:8d5bc5035989852a4ae7dacf8dc99db7c4f21c852486777a98b8efe37af4d8d7",
                "sha256:91f47522688955cb33190f8354ccaa1cc058d05e73f99afe9ace40db36c159e8",
                "sha256:9322797fddd51ec0312a8b649d9a3ebfabf4826a204ef8e1cc11801013005323",
                "sha256:953ba37dd83c424c2cf699c64a8477645fc7c7403ffd2eb1417189eddbbfb4a7",
                "sha256:97fd2885df308edcdf96baa632192a4291f3ed5b072c0bc3f29dc1e6de40ffa4",
                "sha256:99780a0880d3dab2bb6f863492d38ab90ffdc9daf4fbefb505524f6f3a1c9dbe",
                "sha256:9b887d87188489859411d0c7e741f7dfe8a3ca5946b0db8b3c9e5daecc089b62",
                "sha256:9e1b4b0b4baff934ef3c0ac56578a6b773f7f90ad1db3ff843ee40d83bdae09f",
                "sha256:a419384c6c80d58532016c3cf6a3aca009bfb7661f33e119ba7f77ec0e28222a",
                "sha256:aa92f9ad481108a7e4c5a5234608f7c718f8b67003ce4719a4d2735d82b54167",
                "sha256:ac402ac165f42f41b3aef9e8a9c6fb204dac31faad65b3b0ae6bff4bc9d0dad2",
                "sha256:ad84e1d4be3504e7dcd6370b3e847eaf05d5d35cb0818d0bd2d1a26b58c0abd2",
                "sha256:b132e4507c6404faece005329de7b2b97653ddfeeaf84f058fe820791160dcda",
                "sha256:b365b8fa0d5fd0208db5b0e94582edb796dde07d1f99c5a9c1ff6be172c374ee",
                "sha256:b48820071a49b68ca8734e8b2bd1f26632512154816b261b614e62cc724d9f8a",
                "sha256:b7eb07d60c385aec906b82d48447907a2bbf454d0e9ead62168de111accabaf8",
                "sha256:b87d38717ed855583ae1693f6095fc9c06b7dde4ddec782b41aa92931dd60e7c",
                "sha256:bda905e040e6c2875a7dde9652a9e0c426aaac6058568cc064f8128b061439ee",
                "sha256:c10b1388106447db0cdb8e340d06fa2d49b822368a049c36928d3c24296c2e37",
                "sha256:c1155571edd498b6274f969517db6781500fbb24fc91ff740ea5a37c4735b3ba",
                "sha256:c1fa9651141caaafa0d6048695a4a04bc4bf39c75f250a36b1a05c9588a403a9",
                "sha256:c300461ed8159f61d979971ba51f1acd1e6f9907d86888e9275165e06ea90f06",
                "sha256:c40f7e8c02b287550166a3e36dbb89f9387db86a71101f6242668e3ef979cd2a",
                "sha256:c455d886838dd5a248e7f06e5573275fc854febd206eb937cf632082a06a939f",
                "sha256:cb22580ce5e2eee138a78df40444151ff51c91acd11be546216a046677c75593",
                "sha256:ccd0c918971f79bd9a883f13f91343dd2eaefbafd4344aadfe5134a65fb821c3",
                "sha256:d0ac14c36d91b191d1cb073fb5ac49937d88a5c8b051ced3875321a525202c34",
                "sha256:d28933aa1242814ed737b569b2baf96e4d236c52be454b5dc17afd36bf893c12",
                "sha256:db5d5c9c7bbcf9cbc541f8adba8c92a7a7abd0de4f0343da4e96fb78ffe9d1a1",
                "sha256:dbc47670e0424a566084e15af9a253b85f90fa26e60fa07e1b10c90df4c8fd07",
                "sha256:dbcb49036a6a6065035ac2acc1ad6a918f9e09ef2d0f9392dc90b8756f789f95",
                "sha256:e708e69c4d3bc41df29efb94aadc5578c841b2cd02f8cbb1bcfbf280f2801238",
                "sha256:e87450db3c444f41e3ac6a09b7a10ddfe54fa1e98bf60ee299fe6d11097540cd",
                "sha256:ea2d66c1fd898d81b8ce0f95afab9ba0ab522cf08810f11fa28ad958706cd2b2",
                "sha256:eaff21326bc5d9be0c2f400931d39274105bd5d06650f0b0215392d1b050d404",
                "sha256:ebf0776fdc7a5e0ac11b6db2d69ac77479411b627a96119ffa4427ba32f3bb66",
                "sha256:f2bc7249840faacfff6196e5b5ffeb3fdaf078986521a1cda34e9be5607e773b",
                "sha256:f3e20cf2575b1330687d3dd6242f82278b3bdc09a9f36cc7ac4d45b7dd63c1f5",
                "sha256:f576b8dec95456ba0157943a57f5f88c076cf96cc363ef1bf5027c2976fd487a",
                "sha256:fbc5b23b569d96b8c831574c93098b68c6d7ff2509f31268c968152ca4f2ecd0",
                "sha256:ff8fef88029d0420315935041db517855ea022889fa8d54959943e39fffebf59"
            ],
            "markers": "python_version >= '3.6'",
            "version": "==2023.5.4"
        },
        "six": {
            "hashes": [
                "sha256:1e61c37477a1626458e36f7b1d82aa5c9b094fa4802892072e49de9c60c4c926",
                "sha256:8abb2f1d86890a2dfb989f9a77cfcfd3e47c2a354b01111771326f8aa26e0254"
            ],
            "markers": "python_version >= '2.7' and python_version not in '3.0, 3.1, 3.2, 3.3'",
            "version": "==1.16.0"
        },
        "toml": {
            "hashes": [
                "sha256:806143ae5bfb6a3c6e736a764057db0e6a0e05e338b5630894a5f779cabb4f9b",
                "sha256:b3bda1d108d5dd99f4a20d24d9c348e91c4db7ab1b749200bded2f839ccbe68f"
            ],
            "markers": "python_version >= '2.6' and python_version not in '3.0, 3.1, 3.2, 3.3'",
            "version": "==0.10.2"
        },
        "typed-ast": {
            "hashes": [
                "sha256:01ae5f73431d21eead5015997ab41afa53aa1fbe252f9da060be5dad2c730ace",
                "sha256:067a74454df670dcaa4e59349a2e5c81e567d8d65458d480a5b3dfecec08c5ff",
                "sha256:0fb71b8c643187d7492c1f8352f2c15b4c4af3f6338f21681d3681b3dc31a266",
                "sha256:1b3ead4a96c9101bef08f9f7d1217c096f31667617b58de957f690c92378b528",
                "sha256:2068531575a125b87a41802130fa7e29f26c09a2833fea68d9a40cf33902eba6",
                "sha256:209596a4ec71d990d71d5e0d312ac935d86930e6eecff6ccc7007fe54d703808",
                "sha256:2c726c276d09fc5c414693a2de063f521052d9ea7c240ce553316f70656c84d4",
                "sha256:398e44cd480f4d2b7ee8d98385ca104e35c81525dd98c519acff1b79bdaac363",
                "sha256:52b1eb8c83f178ab787f3a4283f68258525f8d70f778a2f6dd54d3b5e5fb4341",
                "sha256:5feca99c17af94057417d744607b82dd0a664fd5e4ca98061480fd8b14b18d04",
                "sha256:7538e495704e2ccda9b234b82423a4038f324f3a10c43bc088a1636180f11a41",
                "sha256:760ad187b1041a154f0e4d0f6aae3e40fdb51d6de16e5c99aedadd9246450e9e",
                "sha256:777a26c84bea6cd934422ac2e3b78863a37017618b6e5c08f92ef69853e765d3",
                "sha256:95431a26309a21874005845c21118c83991c63ea800dd44843e42a916aec5899",
                "sha256:9ad2c92ec681e02baf81fdfa056fe0d818645efa9af1f1cd5fd6f1bd2bdfd805",
                "sha256:9c6d1a54552b5330bc657b7ef0eae25d00ba7ffe85d9ea8ae6540d2197a3788c",
                "sha256:aee0c1256be6c07bd3e1263ff920c325b59849dc95392a05f258bb9b259cf39c",
                "sha256:af3d4a73793725138d6b334d9d247ce7e5f084d96284ed23f22ee626a7b88e39",
                "sha256:b36b4f3920103a25e1d5d024d155c504080959582b928e91cb608a65c3a49e1a",
                "sha256:b9574c6f03f685070d859e75c7f9eeca02d6933273b5e69572e5ff9d5e3931c3",
                "sha256:bff6ad71c81b3bba8fa35f0f1921fb24ff4476235a6e94a26ada2e54370e6da7",
                "sha256:c190f0899e9f9f8b6b7863debfb739abcb21a5c054f911ca3596d12b8a4c4c7f",
                "sha256:c907f561b1e83e93fad565bac5ba9c22d96a54e7ea0267c708bffe863cbe4075",
                "sha256:cae53c389825d3b46fb37538441f75d6aecc4174f615d048321b716df2757fb0",
                "sha256:dd4a21253f42b8d2b48410cb31fe501d32f8b9fbeb1f55063ad102fe9c425e40",
                "sha256:dde816ca9dac1d9c01dd504ea5967821606f02e510438120091b84e852367428",
                "sha256:f2362f3cb0f3172c42938946dbc5b7843c2a28aec307c49100c8b38764eb6927",
                "sha256:f328adcfebed9f11301eaedfa48e15bdece9b519fb27e6a8c01aa52a17ec31b3",
                "sha256:f8afcf15cc511ada719a88e013cec87c11aff7b91f019295eb4530f96fe5ef2f",
                "sha256:fb1bbeac803adea29cedd70781399c99138358c26d05fcbd23c13016b7f5ec65"
            ],
            "markers": "python_version < '3.8' and implementation_name == 'cpython'",
            "version": "==1.4.3"
        },
        "typing-extensions": {
            "hashes": [
                "sha256:5cb5f4a79139d699607b3ef622a1dedafa84e115ab0024e0d9c044a9479ca7cb",
                "sha256:fb33085c39dd998ac16d1431ebc293a8b3eedd00fd4a32de0ff79002c19511b4"
            ],
            "markers": "python_version < '3.8'",
            "version": "==4.5.0"
        },
        "wrapt": {
            "hashes": [
                "sha256:565a021fd19419476b9362b05eeaa094178de64f8361e44468f9e9d7843901e1"
            ],
            "version": "==1.11.2"
        },
        "zipp": {
            "hashes": [
                "sha256:112929ad649da941c23de50f356a2b5570c954b65150642bccdd66bf194d224b",
                "sha256:48904fc76a60e542af151aded95726c1a5c34ed43ab4134b597665c86d7ad556"
            ],
            "markers": "python_version >= '3.7'",
            "version": "==3.15.0"
        }
    }
}
